// !$*UTF8*$!
{
	archiveVersion = 1;
	classes = {
	};
	objectVersion = 50;
	objects = {

/* Begin PBXBuildFile section */
		62BE2F9A2369EE8600922BB2 /* AppDelegate.swift in Sources */ = {isa = PBXBuildFile; fileRef = 62BE2F992369EE8600922BB2 /* AppDelegate.swift */; };
		62BE2F9C2369EE8600922BB2 /* SceneDelegate.swift in Sources */ = {isa = PBXBuildFile; fileRef = 62BE2F9B2369EE8600922BB2 /* SceneDelegate.swift */; };
		62BE2F9E2369EE8600922BB2 /* ContentView.swift in Sources */ = {isa = PBXBuildFile; fileRef = 62BE2F9D2369EE8600922BB2 /* ContentView.swift */; };
		62BE2FA02369EE8800922BB2 /* Assets.xcassets in Resources */ = {isa = PBXBuildFile; fileRef = 62BE2F9F2369EE8800922BB2 /* Assets.xcassets */; };
		62BE2FA32369EE8800922BB2 /* Preview Assets.xcassets in Resources */ = {isa = PBXBuildFile; fileRef = 62BE2FA22369EE8800922BB2 /* Preview Assets.xcassets */; };
		62BE2FA62369EE8800922BB2 /* LaunchScreen.storyboard in Resources */ = {isa = PBXBuildFile; fileRef = 62BE2FA42369EE8800922BB2 /* LaunchScreen.storyboard */; };
		62BE2FAF2369FD5600922BB2 /* SimpleLabel.swift in Sources */ = {isa = PBXBuildFile; fileRef = 62BE2FAE2369FD5600922BB2 /* SimpleLabel.swift */; };
/* End PBXBuildFile section */

/* Begin PBXFileReference section */
		62BE2F962369EE8600922BB2 /* FirstSteps.app */ = {isa = PBXFileReference; explicitFileType = wrapper.application; includeInIndex = 0; path = FirstSteps.app; sourceTree = BUILT_PRODUCTS_DIR; };
		62BE2F992369EE8600922BB2 /* AppDelegate.swift */ = {isa = PBXFileReference; lastKnownFileType = sourcecode.swift; path = AppDelegate.swift; sourceTree = "<group>"; };
		62BE2F9B2369EE8600922BB2 /* SceneDelegate.swift */ = {isa = PBXFileReference; lastKnownFileType = sourcecode.swift; path = SceneDelegate.swift; sourceTree = "<group>"; };
		62BE2F9D2369EE8600922BB2 /* ContentView.swift */ = {isa = PBXFileReference; lastKnownFileType = sourcecode.swift; path = ContentView.swift; sourceTree = "<group>"; };
		62BE2F9F2369EE8800922BB2 /* Assets.xcassets */ = {isa = PBXFileReference; lastKnownFileType = folder.assetcatalog; path = Assets.xcassets; sourceTree = "<group>"; };
		62BE2FA22369EE8800922BB2 /* Preview Assets.xcassets */ = {isa = PBXFileReference; lastKnownFileType = folder.assetcatalog; path = "Preview Assets.xcassets"; sourceTree = "<group>"; };
		62BE2FA52369EE8800922BB2 /* Base */ = {isa = PBXFileReference; lastKnownFileType = file.storyboard; name = Base; path = Base.lproj/LaunchScreen.storyboard; sourceTree = "<group>"; };
		62BE2FA72369EE8800922BB2 /* Info.plist */ = {isa = PBXFileReference; lastKnownFileType = text.plist.xml; path = Info.plist; sourceTree = "<group>"; };
		62BE2FAE2369FD5600922BB2 /* SimpleLabel.swift */ = {isa = PBXFileReference; lastKnownFileType = sourcecode.swift; path = SimpleLabel.swift; sourceTree = "<group>"; };
/* End PBXFileReference section */

/* Begin PBXFrameworksBuildPhase section */
		62BE2F932369EE8600922BB2 /* Frameworks */ = {
			isa = PBXFrameworksBuildPhase;
			buildActionMask = 2147483647;
			files = (
			);
			runOnlyForDeploymentPostprocessing = 0;
		};
/* End PBXFrameworksBuildPhase section */

/* Begin PBXGroup section */
		62BE2F8D2369EE8600922BB2 = {
			isa = PBXGroup;
			children = (
				62BE2F982369EE8600922BB2 /* FirstSteps */,
				62BE2F972369EE8600922BB2 /* Products */,
			);
			sourceTree = "<group>";
		};
		62BE2F972369EE8600922BB2 /* Products */ = {
			isa = PBXGroup;
			children = (
				62BE2F962369EE8600922BB2 /* FirstSteps.app */,
			);
			name = Products;
			sourceTree = "<group>";
		};
		62BE2F982369EE8600922BB2 /* FirstSteps */ = {
			isa = PBXGroup;
			children = (
				62BE2F9D2369EE8600922BB2 /* ContentView.swift */,
				62BE2FAD2369EE9000922BB2 /* Support */,
				62BE2FAE2369FD5600922BB2 /* SimpleLabel.swift */,
			);
			path = FirstSteps;
			sourceTree = "<group>";
		};
		62BE2FA12369EE8800922BB2 /* Preview Content */ = {
			isa = PBXGroup;
			children = (
				62BE2FA22369EE8800922BB2 /* Preview Assets.xcassets */,
			);
			path = "Preview Content";
			sourceTree = "<group>";
		};
		62BE2FAD2369EE9000922BB2 /* Support */ = {
			isa = PBXGroup;
			children = (
				62BE2F992369EE8600922BB2 /* AppDelegate.swift */,
				62BE2F9B2369EE8600922BB2 /* SceneDelegate.swift */,
				62BE2F9F2369EE8800922BB2 /* Assets.xcassets */,
				62BE2FA42369EE8800922BB2 /* LaunchScreen.storyboard */,
				62BE2FA72369EE8800922BB2 /* Info.plist */,
				62BE2FA12369EE8800922BB2 /* Preview Content */,
			);
			name = Support;
			sourceTree = "<group>";
		};
/* End PBXGroup section */

/* Begin PBXNativeTarget section */
		62BE2F952369EE8600922BB2 /* FirstSteps */ = {
			isa = PBXNativeTarget;
			buildConfigurationList = 62BE2FAA2369EE8800922BB2 /* Build configuration list for PBXNativeTarget "FirstSteps" */;
			buildPhases = (
				62BE2F922369EE8600922BB2 /* Sources */,
				62BE2F932369EE8600922BB2 /* Frameworks */,
				62BE2F942369EE8600922BB2 /* Resources */,
			);
			buildRules = (
			);
			dependencies = (
			);
			name = FirstSteps;
			productName = FirstSteps;
			productReference = 62BE2F962369EE8600922BB2 /* FirstSteps.app */;
			productType = "com.apple.product-type.application";
		};
/* End PBXNativeTarget section */

/* Begin PBXProject section */
		62BE2F8E2369EE8600922BB2 /* Project object */ = {
			isa = PBXProject;
			attributes = {
				LastSwiftUpdateCheck = 1110;
				LastUpgradeCheck = 1110;
				ORGANIZATIONNAME = "Dim Sum Thinking";
				TargetAttributes = {
					62BE2F952369EE8600922BB2 = {
						CreatedOnToolsVersion = 11.1;
					};
				};
			};
			buildConfigurationList = 62BE2F912369EE8600922BB2 /* Build configuration list for PBXProject "FirstSteps" */;
			compatibilityVersion = "Xcode 9.3";
			developmentRegion = en;
			hasScannedForEncodings = 0;
			knownRegions = (
				en,
				Base,
			);
			mainGroup = 62BE2F8D2369EE8600922BB2;
			productRefGroup = 62BE2F972369EE8600922BB2 /* Products */;
			projectDirPath = "";
			projectRoot = "";
			targets = (
				62BE2F952369EE8600922BB2 /* FirstSteps */,
			);
		};
/* End PBXProject section */

/* Begin PBXResourcesBuildPhase section */
		62BE2F942369EE8600922BB2 /* Resources */ = {
			isa = PBXResourcesBuildPhase;
			buildActionMask = 2147483647;
			files = (
				62BE2FA62369EE8800922BB2 /* LaunchScreen.storyboard in Resources */,
				62BE2FA32369EE8800922BB2 /* Preview Assets.xcassets in Resources */,
				62BE2FA02369EE8800922BB2 /* Assets.xcassets in Resources */,
			);
			runOnlyForDeploymentPostprocessing = 0;
		};
/* End PBXResourcesBuildPhase section */

/* Begin PBXSourcesBuildPhase section */
		62BE2F922369EE8600922BB2 /* Sources */ = {
			isa = PBXSourcesBuildPhase;
			buildActionMask = 2147483647;
			files = (
				62BE2F9A2369EE8600922BB2 /* AppDelegate.swift in Sources */,
				62BE2F9C2369EE8600922BB2 /* SceneDelegate.swift in Sources */,
				62BE2FAF2369FD5600922BB2 /* SimpleLabel.swift in Sources */,
				62BE2F9E2369EE8600922BB2 /* ContentView.swift in Sources */,
			);
			runOnlyForDeploymentPostprocessing = 0;
		};
/* End PBXSourcesBuildPhase section */

/* Begin PBXVariantGroup section */
		62BE2FA42369EE8800922BB2 /* LaunchScreen.storyboard */ = {
			isa = PBXVariantGroup;
			children = (
				62BE2FA52369EE8800922BB2 /* Base */,
			);
			name = LaunchScreen.storyboard;
			sourceTree = "<group>";
		};
/* End PBXVariantGroup section */

/* Begin XCBuildConfiguration section */
		62BE2FA82369EE8800922BB2 /* Debug */ = {
			isa = XCBuildConfiguration;
			buildSettings = {
				ALWAYS_SEARCH_USER_PATHS = NO;
				CLANG_ANALYZER_NONNULL = YES;
				CLANG_ANALYZER_NUMBER_OBJECT_CONVERSION = YES_AGGRESSIVE;
				CLANG_CXX_LANGUAGE_STANDARD = "gnu++14";
				CLANG_CXX_LIBRARY = "libc++";
				CLANG_ENABLE_MODULES = YES;
				CLANG_ENABLE_OBJC_ARC = YES;
				CLANG_ENABLE_OBJC_WEAK = YES;
				CLANG_WARN_BLOCK_CAPTURE_AUTORELEASING = YES;
				CLANG_WARN_BOOL_CONVERSION = YES;
				CLANG_WARN_COMMA = YES;
				CLANG_WARN_CONSTANT_CONVERSION = YES;
				CLANG_WARN_DEPRECATED_OBJC_IMPLEMENTATIONS = YES;
				CLANG_WARN_DIRECT_OBJC_ISA_USAGE = YES_ERROR;
				CLANG_WARN_DOCUMENTATION_COMMENTS = YES;
				CLANG_WARN_EMPTY_BODY = YES;
				CLANG_WARN_ENUM_CONVERSION = YES;
				CLANG_WARN_INFINITE_RECURSION = YES;
				CLANG_WARN_INT_CONVERSION = YES;
				CLANG_WARN_NON_LITERAL_NULL_CONVERSION = YES;
				CLANG_WARN_OBJC_IMPLICIT_RETAIN_SELF = YES;
				CLANG_WARN_OBJC_LITERAL_CONVERSION = YES;
				CLANG_WARN_OBJC_ROOT_CLASS = YES_ERROR;
				CLANG_WARN_RANGE_LOOP_ANALYSIS = YES;
				CLANG_WARN_STRICT_PROTOTYPES = YES;
				CLANG_WARN_SUSPICIOUS_MOVE = YES;
				CLANG_WARN_UNGUARDED_AVAILABILITY = YES_AGGRESSIVE;
				CLANG_WARN_UNREACHABLE_CODE = YES;
				CLANG_WARN__DUPLICATE_METHOD_MATCH = YES;
				COPY_PHASE_STRIP = NO;
				DEBUG_INFORMATION_FORMAT = dwarf;
				ENABLE_STRICT_OBJC_MSGSEND = YES;
				ENABLE_TESTABILITY = YES;
				GCC_C_LANGUAGE_STANDARD = gnu11;
				GCC_DYNAMIC_NO_PIC = NO;
				GCC_NO_COMMON_BLOCKS = YES;
				GCC_OPTIMIZATION_LEVEL = 0;
				GCC_PREPROCESSOR_DEFINITIONS = (
					"DEBUG=1",
					"$(inherited)",
				);
				GCC_WARN_64_TO_32_BIT_CONVERSION = YES;
				GCC_WARN_ABOUT_RETURN_TYPE = YES_ERROR;
				GCC_WARN_UNDECLARED_SELECTOR = YES;
				GCC_WARN_UNINITIALIZED_AUTOS = YES_AGGRESSIVE;
				GCC_WARN_UNUSED_FUNCTION = YES;
				GCC_WARN_UNUSED_VARIABLE = YES;
				IPHONEOS_DEPLOYMENT_TARGET = 13.1;
				MTL_ENABLE_DEBUG_INFO = INCLUDE_SOURCE;
				MTL_FAST_MATH = YES;
				ONLY_ACTIVE_ARCH = YES;
				SDKROOT = iphoneos;
				SWIFT_ACTIVE_COMPILATION_CONDITIONS = DEBUG;
				SWIFT_OPTIMIZATION_LEVEL = "-Onone";
			};
			name = Debug;
		};
		62BE2FA92369EE8800922BB2 /* Release */ = {
			isa = XCBuildConfiguration;
			buildSettings = {
				ALWAYS_SEARCH_USER_PATHS = NO;
				CLANG_ANALYZER_NONNULL = YES;
				CLANG_ANALYZER_NUMBER_OBJECT_CONVERSION = YES_AGGRESSIVE;
				CLANG_CXX_LANGUAGE_STANDARD = "gnu++14";
				CLANG_CXX_LIBRARY = "libc++";
				CLANG_ENABLE_MODULES = YES;
				CLANG_ENABLE_OBJC_ARC = YES;
				CLANG_ENABLE_OBJC_WEAK = YES;
				CLANG_WARN_BLOCK_CAPTURE_AUTORELEASING = YES;
				CLANG_WARN_BOOL_CONVERSION = YES;
				CLANG_WARN_COMMA = YES;
				CLANG_WARN_CONSTANT_CONVERSION = YES;
				CLANG_WARN_DEPRECATED_OBJC_IMPLEMENTATIONS = YES;
				CLANG_WARN_DIRECT_OBJC_ISA_USAGE = YES_ERROR;
				CLANG_WARN_DOCUMENTATION_COMMENTS = YES;
				CLANG_WARN_EMPTY_BODY = YES;
				CLANG_WARN_ENUM_CONVERSION = YES;
				CLANG_WARN_INFINITE_RECURSION = YES;
				CLANG_WARN_INT_CONVERSION = YES;
				CLANG_WARN_NON_LITERAL_NULL_CONVERSION = YES;
				CLANG_WARN_OBJC_IMPLICIT_RETAIN_SELF = YES;
				CLANG_WARN_OBJC_LITERAL_CONVERSION = YES;
				CLANG_WARN_OBJC_ROOT_CLASS = YES_ERROR;
				CLANG_WARN_RANGE_LOOP_ANALYSIS = YES;
				CLANG_WARN_STRICT_PROTOTYPES = YES;
				CLANG_WARN_SUSPICIOUS_MOVE = YES;
				CLANG_WARN_UNGUARDED_AVAILABILITY = YES_AGGRESSIVE;
				CLANG_WARN_UNREACHABLE_CODE = YES;
				CLANG_WARN__DUPLICATE_METHOD_MATCH = YES;
				COPY_PHASE_STRIP = NO;
				DEBUG_INFORMATION_FORMAT = "dwarf-with-dsym";
				ENABLE_NS_ASSERTIONS = NO;
				ENABLE_STRICT_OBJC_MSGSEND = YES;
				GCC_C_LANGUAGE_STANDARD = gnu11;
				GCC_NO_COMMON_BLOCKS = YES;
				GCC_WARN_64_TO_32_BIT_CONVERSION = YES;
				GCC_WARN_ABOUT_RETURN_TYPE = YES_ERROR;
				GCC_WARN_UNDECLARED_SELECTOR = YES;
				GCC_WARN_UNINITIALIZED_AUTOS = YES_AGGRESSIVE;
				GCC_WARN_UNUSED_FUNCTION = YES;
				GCC_WARN_UNUSED_VARIABLE = YES;
				IPHONEOS_DEPLOYMENT_TARGET = 13.1;
				MTL_ENABLE_DEBUG_INFO = NO;
				MTL_FAST_MATH = YES;
				SDKROOT = iphoneos;
				SWIFT_COMPILATION_MODE = wholemodule;
				SWIFT_OPTIMIZATION_LEVEL = "-O";
				VALIDATE_PRODUCT = YES;
			};
			name = Release;
		};
		62BE2FAB2369EE8800922BB2 /* Debug */ = {
			isa = XCBuildConfiguration;
			buildSettings = {
				ASSETCATALOG_COMPILER_APPICON_NAME = AppIcon;
				CODE_SIGN_STYLE = Automatic;
				DEVELOPMENT_ASSET_PATHS = "\"FirstSteps/Preview Content\"";
				DEVELOPMENT_TEAM = MG5SW9CY8D;
				ENABLE_PREVIEWS = YES;
				INFOPLIST_FILE = FirstSteps/Info.plist;
				LD_RUNPATH_SEARCH_PATHS = (
					"$(inherited)",
					"@executable_path/Frameworks",
				);
				PRODUCT_BUNDLE_IDENTIFIER = com.dimsumthinking.FirstSteps;
				PRODUCT_NAME = "$(TARGET_NAME)";
				SWIFT_VERSION = 5.0;
				TARGETED_DEVICE_FAMILY = "1,2";
			};
			name = Debug;
		};
		62BE2FAC2369EE8800922BB2 /* Release */ = {
			isa = XCBuildConfiguration;
			buildSettings = {
				ASSETCATALOG_COMPILER_APPICON_NAME = AppIcon;
				CODE_SIGN_STYLE = Automatic;
				DEVELOPMENT_ASSET_PATHS = "\"FirstSteps/Preview Content\"";
				DEVELOPMENT_TEAM = MG5SW9CY8D;
				ENABLE_PREVIEWS = YES;
				INFOPLIST_FILE = FirstSteps/Info.plist;
				LD_RUNPATH_SEARCH_PATHS = (
					"$(inherited)",
					"@executable_path/Frameworks",
				);
				PRODUCT_BUNDLE_IDENTIFIER = com.dimsumthinking.FirstSteps;
				PRODUCT_NAME = "$(TARGET_NAME)";
				SWIFT_VERSION = 5.0;
				TARGETED_DEVICE_FAMILY = "1,2";
			};
			name = Release;
		};
/* End XCBuildConfiguration section */

/* Begin XCConfigurationList section */
		62BE2F912369EE8600922BB2 /* Build configuration list for PBXProject "FirstSteps" */ = {
			isa = XCConfigurationList;
			buildConfigurations = (
				62BE2FA82369EE8800922BB2 /* Debug */,
				62BE2FA92369EE8800922BB2 /* Release */,
			);
			defaultConfigurationIsVisible = 0;
			defaultConfigurationName = Release;
		};
		62BE2FAA2369EE8800922BB2 /* Build configuration list for PBXNativeTarget "FirstSteps" */ = {
			isa = XCConfigurationList;
			buildConfigurations = (
				62BE2FAB2369EE8800922BB2 /* Debug */,
				62BE2FAC2369EE8800922BB2 /* Release */,
			);
			defaultConfigurationIsVisible = 0;
			defaultConfigurationName = Release;
		};
/* End XCConfigurationList section */
	};
	rootObject = 62BE2F8E2369EE8600922BB2 /* Project object */;
}
